<?xml version="1.0" encoding="utf-8"?>
<Project ToolsVersion="4.0" xmlns="http://schemas.microsoft.com/developer/msbuild/2003">
  <ItemGroup>
    <ClCompile Include="main.cpp" />
    <ClCompile Include="Core.cpp">
      <Filter>Core</Filter>
    </ClCompile>
    <ClCompile Include="world_gen.cpp">
      <Filter>Core</Filter>
    </ClCompile>
    <ClCompile Include="env_biomes.cpp">
      <Filter>Environment</Filter>
    </ClCompile>
    <ClCompile Include="env_gen.cpp">
      <Filter>Environment</Filter>
    </ClCompile>
    <ClCompile Include="env_humidity.cpp">
      <Filter>Environment\Params</Filter>
    </ClCompile>
    <ClCompile Include="env_temperature.cpp">
      <Filter>Environment\Params</Filter>
    </ClCompile>
    <ClCompile Include="treeClass.cpp">
      <Filter>Flora</Filter>
    </ClCompile>
    <ClCompile Include="Animal_core.cpp">
      <Filter>Fauna</Filter>
    </ClCompile>
    <ClCompile Include="Animal_stats.cpp">
      <Filter>Fauna</Filter>
    </ClCompile>
    <ClCompile Include="Animals.cpp">
      <Filter>Fauna</Filter>
    </ClCompile>
  </ItemGroup>
  <ItemGroup>
    <ClInclude Include="Core.h">
      <Filter>Core\Headers</Filter>
    </ClInclude>
    <ClInclude Include="world_gen.h">
      <Filter>Core\Headers</Filter>
    </ClInclude>
    <ClInclude Include="env_humidity.h">
      <Filter>Environment\Params\Headers</Filter>
    </ClInclude>
    <ClInclude Include="env_temperature.h">
      <Filter>Environment\Params\Headers</Filter>
    </ClInclude>
    <ClInclude Include="env_biomes.h">
      <Filter>Environment\Headers</Filter>
    </ClInclude>
    <ClInclude Include="env_gen.h">
      <Filter>Environment\Headers</Filter>
    </ClInclude>
    <ClInclude Include="treeClass.h">
      <Filter>Flora</Filter>
    </ClInclude>
    <ClInclude Include="Animal_core.h">
      <Filter>Fauna\Headers</Filter>
    </ClInclude>
    <ClInclude Include="Animal_stats.h">
      <Filter>Fauna\Headers</Filter>
    </ClInclude>
    <ClInclude Include="Animals.h">
      <Filter>Fauna\Headers</Filter>
    </ClInclude>
  </ItemGroup>
  <ItemGroup>
    <Filter Include="Core">
      <UniqueIdentifier>{be538b24-1a6a-44f0-aaa1-67de3f234e88}</UniqueIdentifier>
    </Filter>
    <Filter Include="Core\Headers">
      <UniqueIdentifier>{31456a78-3717-4943-95c9-b17639de0462}</UniqueIdentifier>
    </Filter>
    <Filter Include="Environment">
      <UniqueIdentifier>{0489f679-ca4a-4005-9ba9-a0a25b39875a}</UniqueIdentifier>
    </Filter>
    <Filter Include="Environment\Params">
      <UniqueIdentifier>{629f597a-ceff-469b-a9cf-39b66f6dce58}</UniqueIdentifier>
    </Filter>
    <Filter Include="Environment\Params\Headers">
      <UniqueIdentifier>{f48ed779-4d36-401a-9f78-b83667edf889}</UniqueIdentifier>
    </Filter>
    <Filter Include="Environment\Headers">
      <UniqueIdentifier>{17de8cb7-2f98-46f4-994b-4a3c913e3b95}</UniqueIdentifier>
    </Filter>
    <Filter Include="Flora">
      <UniqueIdentifier>{d435e006-6aca-4449-a6c1-20e4b1ecd46f}</UniqueIdentifier>
    </Filter>
    <Filter Include="Fauna">
      <UniqueIdentifier>{7da2839b-da5e-45ae-a737-5b892a94c101}</UniqueIdentifier>
    </Filter>
    <Filter Include="Fauna\Headers">
      <UniqueIdentifier>{13b6d8b3-d7f6-4128-9b78-b302acba7bda}</UniqueIdentifier>
    </Filter>
    <Filter Include="Fauna\Textures">
      <UniqueIdentifier>{516b97f0-7420-424c-aa4f-4da85c485e96}</UniqueIdentifier>
    </Filter>
  </ItemGroup>
  <ItemGroup>
    <Image Include="textures\Cat.png">
      <Filter>Fauna\Textures</Filter>
    </Image>
  </ItemGroup>
</Project>