<?xml version="1.0" encoding="utf-8"?>
<Project ToolsVersion="16.0" xmlns="http://schemas.microsoft.com/developer/msbuild/2003">
  <ItemGroup>
    <CustomBuild Include="C:\Users\mateu\Documents\Development\Project_E\proj.win32\CMakeFiles\123cf21b82caee438d0a38e1f31fe0ec\SYNC_RESOURCE-Project_E.rule">
      <Filter>CMake Rules</Filter>
    </CustomBuild>
    <CustomBuild Include="C:\Users\mateu\Documents\Development\Project_E\CMakeLists.txt" />
  </ItemGroup>
  <ItemGroup>
    <None Include="C:\Users\mateu\Documents\Development\Project_E\proj.win32\CMakeFiles\SYNC_RESOURCE-Project_E" />
  </ItemGroup>
  <ItemGroup>
    <Filter Include="CMake Rules">
      <UniqueIdentifier>{133013B1-1FBB-3C22-B250-E1F764AF93E2}</UniqueIdentifier>
    </Filter>
  </ItemGroup>
</Project>
