Microsoft Visual Studio Solution File, Format Version 12.00
# Visual Studio 16
Project("{2150E333-8FDC-42A3-9474-1A3956D46DE8}") = "CMakePredefinedTargets", "CMakePredefinedTargets", "{41D64758-C1BC-3AED-914E-1972DBA731A4}"
EndProject
Project("{2150E333-8FDC-42A3-9474-1A3956D46DE8}") = "External", "External", "{C18B86BD-DD31-3E71-9752-91C303218975}"
EndProject
Project("{2150E333-8FDC-42A3-9474-1A3956D46DE8}") = "Internal", "Internal", "{E1083308-E595-3D43-9BA7-9590DCBC413D}"
EndProject
Project("{8BC9CEB8-8B4A-11D0-8D11-00A0C91BC942}") = "ALL_BUILD", "ALL_BUILD.vcxproj", "{A793BC4D-200D-39C6-B55B-A25F069A1E4B}"
	ProjectSection(ProjectDependencies) = postProject
		{7D5D3090-3B50-3B09-942C-D419D121BB4A} = {7D5D3090-3B50-3B09-942C-D419D121BB4A}
		{1EFD8E27-E0FF-38FB-8F3D-79D7B4A3B4C4} = {1EFD8E27-E0FF-38FB-8F3D-79D7B4A3B4C4}
		{AAB3DADB-F029-3E0D-89BE-5930E1D515B7} = {AAB3DADB-F029-3E0D-89BE-5930E1D515B7}
		{06F6FB81-D5D8-3FD8-8457-5DC9AF863420} = {06F6FB81-D5D8-3FD8-8457-5DC9AF863420}
		{06B8A23D-B851-3A3C-A7E7-2A39520DECD9} = {06B8A23D-B851-3A3C-A7E7-2A39520DECD9}
		{4B36FB29-836E-3CF1-8F26-2C6F8008065C} = {4B36FB29-836E-3CF1-8F26-2C6F8008065C}
		{71546F63-942B-3649-A292-A9C1D0728FD1} = {71546F63-942B-3649-A292-A9C1D0728FD1}
		{AFD1CFAA-399F-30B3-94EA-E1A86BD30C6C} = {AFD1CFAA-399F-30B3-94EA-E1A86BD30C6C}
		{4E31FD12-F7D4-3A98-AB97-E9E4CBF77E3B} = {4E31FD12-F7D4-3A98-AB97-E9E4CBF77E3B}
		{1EFC43C0-4C5E-3E9B-8C6C-A608AA014F7D} = {1EFC43C0-4C5E-3E9B-8C6C-A608AA014F7D}
		{ADCC3FF9-DF10-3257-BCD8-4770136CA685} = {ADCC3FF9-DF10-3257-BCD8-4770136CA685}
		{1C7175B1-4BE5-33FD-95BA-52308C152BD2} = {1C7175B1-4BE5-33FD-95BA-52308C152BD2}
		{ED4B8E10-2860-3A97-AE08-EF9EF824D726} = {ED4B8E10-2860-3A97-AE08-EF9EF824D726}
	EndProjectSection
EndProject
Project("{8BC9CEB8-8B4A-11D0-8D11-00A0C91BC942}") = "ZERO_CHECK", "..\..\..\\ZERO_CHECK.vcxproj", "{7D5D3090-3B50-3B09-942C-D419D121BB4A}"
	ProjectSection(ProjectDependencies) = postProject
	EndProjectSection
EndProject
Project("{8BC9CEB8-8B4A-11D0-8D11-00A0C91BC942}") = "cocos2d", "cocos2d.vcxproj", "{1EFD8E27-E0FF-38FB-8F3D-79D7B4A3B4C4}"
	ProjectSection(ProjectDependencies) = postProject
		{7D5D3090-3B50-3B09-942C-D419D121BB4A} = {7D5D3090-3B50-3B09-942C-D419D121BB4A}
		{AAB3DADB-F029-3E0D-89BE-5930E1D515B7} = {AAB3DADB-F029-3E0D-89BE-5930E1D515B7}
		{06F6FB81-D5D8-3FD8-8457-5DC9AF863420} = {06F6FB81-D5D8-3FD8-8457-5DC9AF863420}
		{06B8A23D-B851-3A3C-A7E7-2A39520DECD9} = {06B8A23D-B851-3A3C-A7E7-2A39520DECD9}
		{4B36FB29-836E-3CF1-8F26-2C6F8008065C} = {4B36FB29-836E-3CF1-8F26-2C6F8008065C}
		{71546F63-942B-3649-A292-A9C1D0728FD1} = {71546F63-942B-3649-A292-A9C1D0728FD1}
		{AFD1CFAA-399F-30B3-94EA-E1A86BD30C6C} = {AFD1CFAA-399F-30B3-94EA-E1A86BD30C6C}
		{4E31FD12-F7D4-3A98-AB97-E9E4CBF77E3B} = {4E31FD12-F7D4-3A98-AB97-E9E4CBF77E3B}
		{1EFC43C0-4C5E-3E9B-8C6C-A608AA014F7D} = {1EFC43C0-4C5E-3E9B-8C6C-A608AA014F7D}
		{ADCC3FF9-DF10-3257-BCD8-4770136CA685} = {ADCC3FF9-DF10-3257-BCD8-4770136CA685}
		{1C7175B1-4BE5-33FD-95BA-52308C152BD2} = {1C7175B1-4BE5-33FD-95BA-52308C152BD2}
		{ED4B8E10-2860-3A97-AE08-EF9EF824D726} = {ED4B8E10-2860-3A97-AE08-EF9EF824D726}
	EndProjectSection
EndProject
Project("{8BC9CEB8-8B4A-11D0-8D11-00A0C91BC942}") = "ext_clipper", "..\..\external\clipper\ext_clipper.vcxproj", "{AAB3DADB-F029-3E0D-89BE-5930E1D515B7}"
	ProjectSection(ProjectDependencies) = postProject
		{7D5D3090-3B50-3B09-942C-D419D121BB4A} = {7D5D3090-3B50-3B09-942C-D419D121BB4A}
	EndProjectSection
EndProject
Project("{8BC9CEB8-8B4A-11D0-8D11-00A0C91BC942}") = "ext_convertUTF", "..\..\external\ConvertUTF\ext_convertUTF.vcxproj", "{06F6FB81-D5D8-3FD8-8457-5DC9AF863420}"
	ProjectSection(ProjectDependencies) = postProject
		{7D5D3090-3B50-3B09-942C-D419D121BB4A} = {7D5D3090-3B50-3B09-942C-D419D121BB4A}
	EndProjectSection
EndProject
Project("{8BC9CEB8-8B4A-11D0-8D11-00A0C91BC942}") = "ext_edtaa3func", "..\..\external\edtaa3func\ext_edtaa3func.vcxproj", "{06B8A23D-B851-3A3C-A7E7-2A39520DECD9}"
	ProjectSection(ProjectDependencies) = postProject
		{7D5D3090-3B50-3B09-942C-D419D121BB4A} = {7D5D3090-3B50-3B09-942C-D419D121BB4A}
	EndProjectSection
EndProject
Project("{8BC9CEB8-8B4A-11D0-8D11-00A0C91BC942}") = "ext_md5", "..\..\external\md5\ext_md5.vcxproj", "{4B36FB29-836E-3CF1-8F26-2C6F8008065C}"
	ProjectSection(ProjectDependencies) = postProject
		{7D5D3090-3B50-3B09-942C-D419D121BB4A} = {7D5D3090-3B50-3B09-942C-D419D121BB4A}
	EndProjectSection
EndProject
Project("{8BC9CEB8-8B4A-11D0-8D11-00A0C91BC942}") = "ext_poly2tri", "..\..\external\poly2tri\ext_poly2tri.vcxproj", "{71546F63-942B-3649-A292-A9C1D0728FD1}"
	ProjectSection(ProjectDependencies) = postProject
		{7D5D3090-3B50-3B09-942C-D419D121BB4A} = {7D5D3090-3B50-3B09-942C-D419D121BB4A}
	EndProjectSection
EndProject
Project("{8BC9CEB8-8B4A-11D0-8D11-00A0C91BC942}") = "ext_recast", "..\..\external\recast\ext_recast.vcxproj", "{AFD1CFAA-399F-30B3-94EA-E1A86BD30C6C}"
	ProjectSection(ProjectDependencies) = postProject
		{7D5D3090-3B50-3B09-942C-D419D121BB4A} = {7D5D3090-3B50-3B09-942C-D419D121BB4A}
	EndProjectSection
EndProject
Project("{8BC9CEB8-8B4A-11D0-8D11-00A0C91BC942}") = "ext_tinyxml2", "..\..\external\tinyxml2\ext_tinyxml2.vcxproj", "{4E31FD12-F7D4-3A98-AB97-E9E4CBF77E3B}"
	ProjectSection(ProjectDependencies) = postProject
		{7D5D3090-3B50-3B09-942C-D419D121BB4A} = {7D5D3090-3B50-3B09-942C-D419D121BB4A}
	EndProjectSection
EndProject
Project("{8BC9CEB8-8B4A-11D0-8D11-00A0C91BC942}") = "ext_unzip", "..\..\external\unzip\ext_unzip.vcxproj", "{1EFC43C0-4C5E-3E9B-8C6C-A608AA014F7D}"
	ProjectSection(ProjectDependencies) = postProject
		{7D5D3090-3B50-3B09-942C-D419D121BB4A} = {7D5D3090-3B50-3B09-942C-D419D121BB4A}
	EndProjectSection
EndProject
Project("{8BC9CEB8-8B4A-11D0-8D11-00A0C91BC942}") = "ext_xxhash", "..\..\external\xxhash\ext_xxhash.vcxproj", "{ADCC3FF9-DF10-3257-BCD8-4770136CA685}"
	ProjectSection(ProjectDependencies) = postProject
		{7D5D3090-3B50-3B09-942C-D419D121BB4A} = {7D5D3090-3B50-3B09-942C-D419D121BB4A}
	EndProjectSection
EndProject
Project("{8BC9CEB8-8B4A-11D0-8D11-00A0C91BC942}") = "ext_xxtea", "..\..\external\xxtea\ext_xxtea.vcxproj", "{1C7175B1-4BE5-33FD-95BA-52308C152BD2}"
	ProjectSection(ProjectDependencies) = postProject
		{7D5D3090-3B50-3B09-942C-D419D121BB4A} = {7D5D3090-3B50-3B09-942C-D419D121BB4A}
	EndProjectSection
EndProject
Project("{8BC9CEB8-8B4A-11D0-8D11-00A0C91BC942}") = "external", "..\..\external\external.vcxproj", "{ED4B8E10-2860-3A97-AE08-EF9EF824D726}"
	ProjectSection(ProjectDependencies) = postProject
		{7D5D3090-3B50-3B09-942C-D419D121BB4A} = {7D5D3090-3B50-3B09-942C-D419D121BB4A}
		{AAB3DADB-F029-3E0D-89BE-5930E1D515B7} = {AAB3DADB-F029-3E0D-89BE-5930E1D515B7}
		{06F6FB81-D5D8-3FD8-8457-5DC9AF863420} = {06F6FB81-D5D8-3FD8-8457-5DC9AF863420}
		{06B8A23D-B851-3A3C-A7E7-2A39520DECD9} = {06B8A23D-B851-3A3C-A7E7-2A39520DECD9}
		{4B36FB29-836E-3CF1-8F26-2C6F8008065C} = {4B36FB29-836E-3CF1-8F26-2C6F8008065C}
		{71546F63-942B-3649-A292-A9C1D0728FD1} = {71546F63-942B-3649-A292-A9C1D0728FD1}
		{AFD1CFAA-399F-30B3-94EA-E1A86BD30C6C} = {AFD1CFAA-399F-30B3-94EA-E1A86BD30C6C}
		{4E31FD12-F7D4-3A98-AB97-E9E4CBF77E3B} = {4E31FD12-F7D4-3A98-AB97-E9E4CBF77E3B}
		{1EFC43C0-4C5E-3E9B-8C6C-A608AA014F7D} = {1EFC43C0-4C5E-3E9B-8C6C-A608AA014F7D}
		{ADCC3FF9-DF10-3257-BCD8-4770136CA685} = {ADCC3FF9-DF10-3257-BCD8-4770136CA685}
		{1C7175B1-4BE5-33FD-95BA-52308C152BD2} = {1C7175B1-4BE5-33FD-95BA-52308C152BD2}
	EndProjectSection
EndProject
Global
	GlobalSection(SolutionConfigurationPlatforms) = preSolution
		Debug|Win32 = Debug|Win32
		Release|Win32 = Release|Win32
		MinSizeRel|Win32 = MinSizeRel|Win32
		RelWithDebInfo|Win32 = RelWithDebInfo|Win32
	EndGlobalSection
	GlobalSection(ProjectConfigurationPlatforms) = postSolution
		{A793BC4D-200D-39C6-B55B-A25F069A1E4B}.Debug|Win32.ActiveCfg = Debug|Win32
		{A793BC4D-200D-39C6-B55B-A25F069A1E4B}.Release|Win32.ActiveCfg = Release|Win32
		{A793BC4D-200D-39C6-B55B-A25F069A1E4B}.MinSizeRel|Win32.ActiveCfg = MinSizeRel|Win32
		{A793BC4D-200D-39C6-B55B-A25F069A1E4B}.RelWithDebInfo|Win32.ActiveCfg = RelWithDebInfo|Win32
		{7D5D3090-3B50-3B09-942C-D419D121BB4A}.Debug|Win32.ActiveCfg = Debug|Win32
		{7D5D3090-3B50-3B09-942C-D419D121BB4A}.Debug|Win32.Build.0 = Debug|Win32
		{7D5D3090-3B50-3B09-942C-D419D121BB4A}.Release|Win32.ActiveCfg = Release|Win32
		{7D5D3090-3B50-3B09-942C-D419D121BB4A}.Release|Win32.Build.0 = Release|Win32
		{7D5D3090-3B50-3B09-942C-D419D121BB4A}.MinSizeRel|Win32.ActiveCfg = MinSizeRel|Win32
		{7D5D3090-3B50-3B09-942C-D419D121BB4A}.MinSizeRel|Win32.Build.0 = MinSizeRel|Win32
		{7D5D3090-3B50-3B09-942C-D419D121BB4A}.RelWithDebInfo|Win32.ActiveCfg = RelWithDebInfo|Win32
		{7D5D3090-3B50-3B09-942C-D419D121BB4A}.RelWithDebInfo|Win32.Build.0 = RelWithDebInfo|Win32
		{1EFD8E27-E0FF-38FB-8F3D-79D7B4A3B4C4}.Debug|Win32.ActiveCfg = Debug|Win32
		{1EFD8E27-E0FF-38FB-8F3D-79D7B4A3B4C4}.Debug|Win32.Build.0 = Debug|Win32
		{1EFD8E27-E0FF-38FB-8F3D-79D7B4A3B4C4}.Release|Win32.ActiveCfg = Release|Win32
		{1EFD8E27-E0FF-38FB-8F3D-79D7B4A3B4C4}.Release|Win32.Build.0 = Release|Win32
		{1EFD8E27-E0FF-38FB-8F3D-79D7B4A3B4C4}.MinSizeRel|Win32.ActiveCfg = MinSizeRel|Win32
		{1EFD8E27-E0FF-38FB-8F3D-79D7B4A3B4C4}.MinSizeRel|Win32.Build.0 = MinSizeRel|Win32
		{1EFD8E27-E0FF-38FB-8F3D-79D7B4A3B4C4}.RelWithDebInfo|Win32.ActiveCfg = RelWithDebInfo|Win32
		{1EFD8E27-E0FF-38FB-8F3D-79D7B4A3B4C4}.RelWithDebInfo|Win32.Build.0 = RelWithDebInfo|Win32
		{AAB3DADB-F029-3E0D-89BE-5930E1D515B7}.Debug|Win32.ActiveCfg = Debug|Win32
		{AAB3DADB-F029-3E0D-89BE-5930E1D515B7}.Debug|Win32.Build.0 = Debug|Win32
		{AAB3DADB-F029-3E0D-89BE-5930E1D515B7}.Release|Win32.ActiveCfg = Release|Win32
		{AAB3DADB-F029-3E0D-89BE-5930E1D515B7}.Release|Win32.Build.0 = Release|Win32
		{AAB3DADB-F029-3E0D-89BE-5930E1D515B7}.MinSizeRel|Win32.ActiveCfg = MinSizeRel|Win32
		{AAB3DADB-F029-3E0D-89BE-5930E1D515B7}.MinSizeRel|Win32.Build.0 = MinSizeRel|Win32
		{AAB3DADB-F029-3E0D-89BE-5930E1D515B7}.RelWithDebInfo|Win32.ActiveCfg = RelWithDebInfo|Win32
		{AAB3DADB-F029-3E0D-89BE-5930E1D515B7}.RelWithDebInfo|Win32.Build.0 = RelWithDebInfo|Win32
		{06F6FB81-D5D8-3FD8-8457-5DC9AF863420}.Debug|Win32.ActiveCfg = Debug|Win32
		{06F6FB81-D5D8-3FD8-8457-5DC9AF863420}.Debug|Win32.Build.0 = Debug|Win32
		{06F6FB81-D5D8-3FD8-8457-5DC9AF863420}.Release|Win32.ActiveCfg = Release|Win32
		{06F6FB81-D5D8-3FD8-8457-5DC9AF863420}.Release|Win32.Build.0 = Release|Win32
		{06F6FB81-D5D8-3FD8-8457-5DC9AF863420}.MinSizeRel|Win32.ActiveCfg = MinSizeRel|Win32
		{06F6FB81-D5D8-3FD8-8457-5DC9AF863420}.MinSizeRel|Win32.Build.0 = MinSizeRel|Win32
		{06F6FB81-D5D8-3FD8-8457-5DC9AF863420}.RelWithDebInfo|Win32.ActiveCfg = RelWithDebInfo|Win32
		{06F6FB81-D5D8-3FD8-8457-5DC9AF863420}.RelWithDebInfo|Win32.Build.0 = RelWithDebInfo|Win32
		{06B8A23D-B851-3A3C-A7E7-2A39520DECD9}.Debug|Win32.ActiveCfg = Debug|Win32
		{06B8A23D-B851-3A3C-A7E7-2A39520DECD9}.Debug|Win32.Build.0 = Debug|Win32
		{06B8A23D-B851-3A3C-A7E7-2A39520DECD9}.Release|Win32.ActiveCfg = Release|Win32
		{06B8A23D-B851-3A3C-A7E7-2A39520DECD9}.Release|Win32.Build.0 = Release|Win32
		{06B8A23D-B851-3A3C-A7E7-2A39520DECD9}.MinSizeRel|Win32.ActiveCfg = MinSizeRel|Win32
		{06B8A23D-B851-3A3C-A7E7-2A39520DECD9}.MinSizeRel|Win32.Build.0 = MinSizeRel|Win32
		{06B8A23D-B851-3A3C-A7E7-2A39520DECD9}.RelWithDebInfo|Win32.ActiveCfg = RelWithDebInfo|Win32
		{06B8A23D-B851-3A3C-A7E7-2A39520DECD9}.RelWithDebInfo|Win32.Build.0 = RelWithDebInfo|Win32
		{4B36FB29-836E-3CF1-8F26-2C6F8008065C}.Debug|Win32.ActiveCfg = Debug|Win32
		{4B36FB29-836E-3CF1-8F26-2C6F8008065C}.Debug|Win32.Build.0 = Debug|Win32
		{4B36FB29-836E-3CF1-8F26-2C6F8008065C}.Release|Win32.ActiveCfg = Release|Win32
		{4B36FB29-836E-3CF1-8F26-2C6F8008065C}.Release|Win32.Build.0 = Release|Win32
		{4B36FB29-836E-3CF1-8F26-2C6F8008065C}.MinSizeRel|Win32.ActiveCfg = MinSizeRel|Win32
		{4B36FB29-836E-3CF1-8F26-2C6F8008065C}.MinSizeRel|Win32.Build.0 = MinSizeRel|Win32
		{4B36FB29-836E-3CF1-8F26-2C6F8008065C}.RelWithDebInfo|Win32.ActiveCfg = RelWithDebInfo|Win32
		{4B36FB29-836E-3CF1-8F26-2C6F8008065C}.RelWithDebInfo|Win32.Build.0 = RelWithDebInfo|Win32
		{71546F63-942B-3649-A292-A9C1D0728FD1}.Debug|Win32.ActiveCfg = Debug|Win32
		{71546F63-942B-3649-A292-A9C1D0728FD1}.Debug|Win32.Build.0 = Debug|Win32
		{71546F63-942B-3649-A292-A9C1D0728FD1}.Release|Win32.ActiveCfg = Release|Win32
		{71546F63-942B-3649-A292-A9C1D0728FD1}.Release|Win32.Build.0 = Release|Win32
		{71546F63-942B-3649-A292-A9C1D0728FD1}.MinSizeRel|Win32.ActiveCfg = MinSizeRel|Win32
		{71546F63-942B-3649-A292-A9C1D0728FD1}.MinSizeRel|Win32.Build.0 = MinSizeRel|Win32
		{71546F63-942B-3649-A292-A9C1D0728FD1}.RelWithDebInfo|Win32.ActiveCfg = RelWithDebInfo|Win32
		{71546F63-942B-3649-A292-A9C1D0728FD1}.RelWithDebInfo|Win32.Build.0 = RelWithDebInfo|Win32
		{AFD1CFAA-399F-30B3-94EA-E1A86BD30C6C}.Debug|Win32.ActiveCfg = Debug|Win32
		{AFD1CFAA-399F-30B3-94EA-E1A86BD30C6C}.Debug|Win32.Build.0 = Debug|Win32
		{AFD1CFAA-399F-30B3-94EA-E1A86BD30C6C}.Release|Win32.ActiveCfg = Release|Win32
		{AFD1CFAA-399F-30B3-94EA-E1A86BD30C6C}.Release|Win32.Build.0 = Release|Win32
		{AFD1CFAA-399F-30B3-94EA-E1A86BD30C6C}.MinSizeRel|Win32.ActiveCfg = MinSizeRel|Win32
		{AFD1CFAA-399F-30B3-94EA-E1A86BD30C6C}.MinSizeRel|Win32.Build.0 = MinSizeRel|Win32
		{AFD1CFAA-399F-30B3-94EA-E1A86BD30C6C}.RelWithDebInfo|Win32.ActiveCfg = RelWithDebInfo|Win32
		{AFD1CFAA-399F-30B3-94EA-E1A86BD30C6C}.RelWithDebInfo|Win32.Build.0 = RelWithDebInfo|Win32
		{4E31FD12-F7D4-3A98-AB97-E9E4CBF77E3B}.Debug|Win32.ActiveCfg = Debug|Win32
		{4E31FD12-F7D4-3A98-AB97-E9E4CBF77E3B}.Debug|Win32.Build.0 = Debug|Win32
		{4E31FD12-F7D4-3A98-AB97-E9E4CBF77E3B}.Release|Win32.ActiveCfg = Release|Win32
		{4E31FD12-F7D4-3A98-AB97-E9E4CBF77E3B}.Release|Win32.Build.0 = Release|Win32
		{4E31FD12-F7D4-3A98-AB97-E9E4CBF77E3B}.MinSizeRel|Win32.ActiveCfg = MinSizeRel|Win32
		{4E31FD12-F7D4-3A98-AB97-E9E4CBF77E3B}.MinSizeRel|Win32.Build.0 = MinSizeRel|Win32
		{4E31FD12-F7D4-3A98-AB97-E9E4CBF77E3B}.RelWithDebInfo|Win32.ActiveCfg = RelWithDebInfo|Win32
		{4E31FD12-F7D4-3A98-AB97-E9E4CBF77E3B}.RelWithDebInfo|Win32.Build.0 = RelWithDebInfo|Win32
		{1EFC43C0-4C5E-3E9B-8C6C-A608AA014F7D}.Debug|Win32.ActiveCfg = Debug|Win32
		{1EFC43C0-4C5E-3E9B-8C6C-A608AA014F7D}.Debug|Win32.Build.0 = Debug|Win32
		{1EFC43C0-4C5E-3E9B-8C6C-A608AA014F7D}.Release|Win32.ActiveCfg = Release|Win32
		{1EFC43C0-4C5E-3E9B-8C6C-A608AA014F7D}.Release|Win32.Build.0 = Release|Win32
		{1EFC43C0-4C5E-3E9B-8C6C-A608AA014F7D}.MinSizeRel|Win32.ActiveCfg = MinSizeRel|Win32
		{1EFC43C0-4C5E-3E9B-8C6C-A608AA014F7D}.MinSizeRel|Win32.Build.0 = MinSizeRel|Win32
		{1EFC43C0-4C5E-3E9B-8C6C-A608AA014F7D}.RelWithDebInfo|Win32.ActiveCfg = RelWithDebInfo|Win32
		{1EFC43C0-4C5E-3E9B-8C6C-A608AA014F7D}.RelWithDebInfo|Win32.Build.0 = RelWithDebInfo|Win32
		{ADCC3FF9-DF10-3257-BCD8-4770136CA685}.Debug|Win32.ActiveCfg = Debug|Win32
		{ADCC3FF9-DF10-3257-BCD8-4770136CA685}.Debug|Win32.Build.0 = Debug|Win32
		{ADCC3FF9-DF10-3257-BCD8-4770136CA685}.Release|Win32.ActiveCfg = Release|Win32
		{ADCC3FF9-DF10-3257-BCD8-4770136CA685}.Release|Win32.Build.0 = Release|Win32
		{ADCC3FF9-DF10-3257-BCD8-4770136CA685}.MinSizeRel|Win32.ActiveCfg = MinSizeRel|Win32
		{ADCC3FF9-DF10-3257-BCD8-4770136CA685}.MinSizeRel|Win32.Build.0 = MinSizeRel|Win32
		{ADCC3FF9-DF10-3257-BCD8-4770136CA685}.RelWithDebInfo|Win32.ActiveCfg = RelWithDebInfo|Win32
		{ADCC3FF9-DF10-3257-BCD8-4770136CA685}.RelWithDebInfo|Win32.Build.0 = RelWithDebInfo|Win32
		{1C7175B1-4BE5-33FD-95BA-52308C152BD2}.Debug|Win32.ActiveCfg = Debug|Win32
		{1C7175B1-4BE5-33FD-95BA-52308C152BD2}.Debug|Win32.Build.0 = Debug|Win32
		{1C7175B1-4BE5-33FD-95BA-52308C152BD2}.Release|Win32.ActiveCfg = Release|Win32
		{1C7175B1-4BE5-33FD-95BA-52308C152BD2}.Release|Win32.Build.0 = Release|Win32
		{1C7175B1-4BE5-33FD-95BA-52308C152BD2}.MinSizeRel|Win32.ActiveCfg = MinSizeRel|Win32
		{1C7175B1-4BE5-33FD-95BA-52308C152BD2}.MinSizeRel|Win32.Build.0 = MinSizeRel|Win32
		{1C7175B1-4BE5-33FD-95BA-52308C152BD2}.RelWithDebInfo|Win32.ActiveCfg = RelWithDebInfo|Win32
		{1C7175B1-4BE5-33FD-95BA-52308C152BD2}.RelWithDebInfo|Win32.Build.0 = RelWithDebInfo|Win32
		{ED4B8E10-2860-3A97-AE08-EF9EF824D726}.Debug|Win32.ActiveCfg = Debug|Win32
		{ED4B8E10-2860-3A97-AE08-EF9EF824D726}.Debug|Win32.Build.0 = Debug|Win32
		{ED4B8E10-2860-3A97-AE08-EF9EF824D726}.Release|Win32.ActiveCfg = Release|Win32
		{ED4B8E10-2860-3A97-AE08-EF9EF824D726}.Release|Win32.Build.0 = Release|Win32
		{ED4B8E10-2860-3A97-AE08-EF9EF824D726}.MinSizeRel|Win32.ActiveCfg = MinSizeRel|Win32
		{ED4B8E10-2860-3A97-AE08-EF9EF824D726}.MinSizeRel|Win32.Build.0 = MinSizeRel|Win32
		{ED4B8E10-2860-3A97-AE08-EF9EF824D726}.RelWithDebInfo|Win32.ActiveCfg = RelWithDebInfo|Win32
		{ED4B8E10-2860-3A97-AE08-EF9EF824D726}.RelWithDebInfo|Win32.Build.0 = RelWithDebInfo|Win32
	EndGlobalSection
	GlobalSection(NestedProjects) = preSolution
		{A793BC4D-200D-39C6-B55B-A25F069A1E4B} = {41D64758-C1BC-3AED-914E-1972DBA731A4}
		{7D5D3090-3B50-3B09-942C-D419D121BB4A} = {41D64758-C1BC-3AED-914E-1972DBA731A4}
		{AAB3DADB-F029-3E0D-89BE-5930E1D515B7} = {C18B86BD-DD31-3E71-9752-91C303218975}
		{06F6FB81-D5D8-3FD8-8457-5DC9AF863420} = {C18B86BD-DD31-3E71-9752-91C303218975}
		{06B8A23D-B851-3A3C-A7E7-2A39520DECD9} = {C18B86BD-DD31-3E71-9752-91C303218975}
		{4B36FB29-836E-3CF1-8F26-2C6F8008065C} = {C18B86BD-DD31-3E71-9752-91C303218975}
		{71546F63-942B-3649-A292-A9C1D0728FD1} = {C18B86BD-DD31-3E71-9752-91C303218975}
		{AFD1CFAA-399F-30B3-94EA-E1A86BD30C6C} = {C18B86BD-DD31-3E71-9752-91C303218975}
		{4E31FD12-F7D4-3A98-AB97-E9E4CBF77E3B} = {C18B86BD-DD31-3E71-9752-91C303218975}
		{1EFC43C0-4C5E-3E9B-8C6C-A608AA014F7D} = {C18B86BD-DD31-3E71-9752-91C303218975}
		{ADCC3FF9-DF10-3257-BCD8-4770136CA685} = {C18B86BD-DD31-3E71-9752-91C303218975}
		{1C7175B1-4BE5-33FD-95BA-52308C152BD2} = {C18B86BD-DD31-3E71-9752-91C303218975}
		{ED4B8E10-2860-3A97-AE08-EF9EF824D726} = {C18B86BD-DD31-3E71-9752-91C303218975}
		{1EFD8E27-E0FF-38FB-8F3D-79D7B4A3B4C4} = {E1083308-E595-3D43-9BA7-9590DCBC413D}
	EndGlobalSection
	GlobalSection(ExtensibilityGlobals) = postSolution
		SolutionGuid = {2A154B2C-DB38-3252-A090-949307DA7BC8}
	EndGlobalSection
	GlobalSection(ExtensibilityAddIns) = postSolution
	EndGlobalSection
EndGlobal
